# novo.lock — auto-generated by novo pkg, do not edit

[arrow-nv]
source = "registry"
url = "https://registry.novo-lang.org"
req = "^0.1.0"
version = "0.1.0"
hash = "e4b8767bfa68fff59579dee8602f713e6fce36c38d2e96775eca1c2d1bd8fd8a"

[bitstream-nv]
source = "registry"
url = "https://registry.novo-lang.org"
req = "^0.0.1"
version = "0.0.1"
hash = "e445c7e82c01e2ade0d6199683d938849cf56a6e6b41ffd39490d6effc04c9e4"

[calendar-nv]
source = "registry"
url = "https://registry.novo-lang.org"
req = "^0.2.0"
version = "0.2.1"
hash = "c81b54f47ee0efd44548a81c1427880e4a001e3133333b268b8d331ccd480e42"

[flate-nv]
source = "registry"
url = "https://registry.novo-lang.org"
req = "^0.0.2"
version = "0.0.2"
hash = "94526969eb11b1c539e1eaad561a1036c127902eb4d4c467f9c12fc098e4790c"

[lz4-nv]
source = "registry"
url = "https://registry.novo-lang.org"
req = "^0.0.1"
version = "0.0.1"
hash = "faf635cd8b50931789c68c6710321e293a8e498795ac334bccdfe1155747fa87"

[zstd-nv]
source = "registry"
url = "https://registry.novo-lang.org"
req = "^0.0.1"
version = "0.0.1"
hash = "60b68683b0df1668ce0d60f46fb466cf98892bee8f372e0ea1a62b55bd9889eb"
